
Microsoft Visual Studio Solution File, Format Version 12.00
# Visual Studio Version 16
VisualStudioVersion = 16.0.31702.278
MinimumVisualStudioVersion = 10.0.40219.1
Project("{FAE04EC0-301F-11D3-BF4B-00C04F79EFBC}") = "EducationPortal", "EducationPortal\EducationPortal.csproj", "{FE21353D-C129-4AAD-8208-2648E34D5BA7}"
EndProject
Project("{FAE04EC0-301F-11D3-BF4B-00C04F79EFBC}") = "EducationPortal.Core", "EducationPortal.Core\EducationPortal.Core.csproj", "{F27115C7-0592-4807-AF5E-5BE9503C60A1}"
EndProject
Project("{FAE04EC0-301F-11D3-BF4B-00C04F79EFBC}") = "EducationPortal.Infrastructure", "EducationPortal.Infrastructure\EducationPortal.Infrastructure.csproj", "{7C76A860-CDEF-4705-BDD6-AFE63C4E2AC6}"
EndProject
Global
	GlobalSection(SolutionConfigurationPlatforms) = preSolution
		Debug|Any CPU = Debug|Any CPU
		Release|Any CPU = Release|Any CPU
	EndGlobalSection
	GlobalSection(ProjectConfigurationPlatforms) = postSolution
		{FE21353D-C129-4AAD-8208-2648E34D5BA7}.Debug|Any CPU.ActiveCfg = Debug|Any CPU
		{FE21353D-C129-4AAD-8208-2648E34D5BA7}.Debug|Any CPU.Build.0 = Debug|Any CPU
		{FE21353D-C129-4AAD-8208-2648E34D5BA7}.Release|Any CPU.ActiveCfg = Release|Any CPU
		{FE21353D-C129-4AAD-8208-2648E34D5BA7}.Release|Any CPU.Build.0 = Release|Any CPU
		{F27115C7-0592-4807-AF5E-5BE9503C60A1}.Debug|Any CPU.ActiveCfg = Debug|Any CPU
		{F27115C7-0592-4807-AF5E-5BE9503C60A1}.Debug|Any CPU.Build.0 = Debug|Any CPU
		{F27115C7-0592-4807-AF5E-5BE9503C60A1}.Release|Any CPU.ActiveCfg = Release|Any CPU
		{F27115C7-0592-4807-AF5E-5BE9503C60A1}.Release|Any CPU.Build.0 = Release|Any CPU
		{7C76A860-CDEF-4705-BDD6-AFE63C4E2AC6}.Debug|Any CPU.ActiveCfg = Debug|Any CPU
		{7C76A860-CDEF-4705-BDD6-AFE63C4E2AC6}.Debug|Any CPU.Build.0 = Debug|Any CPU
		{7C76A860-CDEF-4705-BDD6-AFE63C4E2AC6}.Release|Any CPU.ActiveCfg = Release|Any CPU
		{7C76A860-CDEF-4705-BDD6-AFE63C4E2AC6}.Release|Any CPU.Build.0 = Release|Any CPU
	EndGlobalSection
	GlobalSection(SolutionProperties) = preSolution
		HideSolutionNode = FALSE
	EndGlobalSection
	GlobalSection(ExtensibilityGlobals) = postSolution
		SolutionGuid = {C95B8E32-6396-49C1-BA53-8839EB5AA40A}
	EndGlobalSection
EndGlobal
